// !$*UTF8*$!
{
	archiveVersion = 1;
	classes = {
	};
	objectVersion = 50;
	objects = {

/* Begin PBXBuildFile section */
		001196D521A36A29008FFED6 /* GoogleService-Info.plist in Resources */ = {isa = PBXBuildFile; fileRef = 001196D421A36A29008FFED6 /* GoogleService-Info.plist */; };
		001196D721A381DF008FFED6 /* MainTabBarController.swift in Sources */ = {isa = PBXBuildFile; fileRef = 001196D621A381DF008FFED6 /* MainTabBarController.swift */; };
		001196D921A382D1008FFED6 /* UserProfileController.swift in Sources */ = {isa = PBXBuildFile; fileRef = 001196D821A382D1008FFED6 /* UserProfileController.swift */; };
		001196DC21A38E38008FFED6 /* UserProfileHeader.swift in Sources */ = {isa = PBXBuildFile; fileRef = 001196DB21A38E38008FFED6 /* UserProfileHeader.swift */; };
		001196DF21A3FFF8008FFED6 /* LoginController.swift in Sources */ = {isa = PBXBuildFile; fileRef = 001196DE21A3FFF8008FFED6 /* LoginController.swift */; };
		001196E221A41D74008FFED6 /* PhotoSelectorController.swift in Sources */ = {isa = PBXBuildFile; fileRef = 001196E121A41D74008FFED6 /* PhotoSelectorController.swift */; };
		00255DF621A5713900014EF3 /* PhotoSelectorCell.swift in Sources */ = {isa = PBXBuildFile; fileRef = 00255DF521A5713900014EF3 /* PhotoSelectorCell.swift */; };
		00255DF821A57A6D00014EF3 /* PhotoSelectorHeader.swift in Sources */ = {isa = PBXBuildFile; fileRef = 00255DF721A57A6D00014EF3 /* PhotoSelectorHeader.swift */; };
		00255DFA21A5AE9A00014EF3 /* SharePhotoController.swift in Sources */ = {isa = PBXBuildFile; fileRef = 00255DF921A5AE9A00014EF3 /* SharePhotoController.swift */; };
		0044F0DA21A67D7500F5FB6A /* Post.swift in Sources */ = {isa = PBXBuildFile; fileRef = 0044F0D921A67D7500F5FB6A /* Post.swift */; };
		0044F0DC21A6800600F5FB6A /* UserProfilePhotoCell.swift in Sources */ = {isa = PBXBuildFile; fileRef = 0044F0DB21A6800500F5FB6A /* UserProfilePhotoCell.swift */; };
		0044F0DE21A6883E00F5FB6A /* CustomImageView.swift in Sources */ = {isa = PBXBuildFile; fileRef = 0044F0DD21A6883D00F5FB6A /* CustomImageView.swift */; };
		0081BDDF21A3492B00DCB0E6 /* AppDelegate.swift in Sources */ = {isa = PBXBuildFile; fileRef = 0081BDDE21A3492B00DCB0E6 /* AppDelegate.swift */; };
		0081BDE121A3492B00DCB0E6 /* SignUpController.swift in Sources */ = {isa = PBXBuildFile; fileRef = 0081BDE021A3492B00DCB0E6 /* SignUpController.swift */; };
		0081BDE421A3492B00DCB0E6 /* Main.storyboard in Resources */ = {isa = PBXBuildFile; fileRef = 0081BDE221A3492B00DCB0E6 /* Main.storyboard */; };
		0081BDE621A3492D00DCB0E6 /* Assets.xcassets in Resources */ = {isa = PBXBuildFile; fileRef = 0081BDE521A3492D00DCB0E6 /* Assets.xcassets */; };
		0081BDE921A3492D00DCB0E6 /* LaunchScreen.storyboard in Resources */ = {isa = PBXBuildFile; fileRef = 0081BDE721A3492D00DCB0E6 /* LaunchScreen.storyboard */; };
		0081BDF221A35A8800DCB0E6 /* Extensions.swift in Sources */ = {isa = PBXBuildFile; fileRef = 0081BDF121A35A8800DCB0E6 /* Extensions.swift */; };
		BD32D38B9883C5148F3EAF8F /* Pods_recomondo.framework in Frameworks */ = {isa = PBXBuildFile; fileRef = A6DA023471CFF8F7C7CF2C1E /* Pods_recomondo.framework */; };
/* End PBXBuildFile section */

/* Begin PBXFileReference section */
		001196D421A36A29008FFED6 /* GoogleService-Info.plist */ = {isa = PBXFileReference; fileEncoding = 4; lastKnownFileType = text.plist.xml; path = "GoogleService-Info.plist"; sourceTree = "<group>"; };
		001196D621A381DF008FFED6 /* MainTabBarController.swift */ = {isa = PBXFileReference; lastKnownFileType = sourcecode.swift; path = MainTabBarController.swift; sourceTree = "<group>"; };
		001196D821A382D1008FFED6 /* UserProfileController.swift */ = {isa = PBXFileReference; lastKnownFileType = sourcecode.swift; path = UserProfileController.swift; sourceTree = "<group>"; };
		001196DB21A38E38008FFED6 /* UserProfileHeader.swift */ = {isa = PBXFileReference; lastKnownFileType = sourcecode.swift; path = UserProfileHeader.swift; sourceTree = "<group>"; };
		001196DE21A3FFF8008FFED6 /* LoginController.swift */ = {isa = PBXFileReference; lastKnownFileType = sourcecode.swift; path = LoginController.swift; sourceTree = "<group>"; };
		001196E121A41D74008FFED6 /* PhotoSelectorController.swift */ = {isa = PBXFileReference; lastKnownFileType = sourcecode.swift; path = PhotoSelectorController.swift; sourceTree = "<group>"; };
		00255DF521A5713900014EF3 /* PhotoSelectorCell.swift */ = {isa = PBXFileReference; lastKnownFileType = sourcecode.swift; path = PhotoSelectorCell.swift; sourceTree = "<group>"; };
		00255DF721A57A6D00014EF3 /* PhotoSelectorHeader.swift */ = {isa = PBXFileReference; lastKnownFileType = sourcecode.swift; path = PhotoSelectorHeader.swift; sourceTree = "<group>"; };
		00255DF921A5AE9A00014EF3 /* SharePhotoController.swift */ = {isa = PBXFileReference; lastKnownFileType = sourcecode.swift; path = SharePhotoController.swift; sourceTree = "<group>"; };
		0044F0D921A67D7500F5FB6A /* Post.swift */ = {isa = PBXFileReference; lastKnownFileType = sourcecode.swift; path = Post.swift; sourceTree = "<group>"; };
		0044F0DB21A6800500F5FB6A /* UserProfilePhotoCell.swift */ = {isa = PBXFileReference; lastKnownFileType = sourcecode.swift; path = UserProfilePhotoCell.swift; sourceTree = "<group>"; };
		0044F0DD21A6883D00F5FB6A /* CustomImageView.swift */ = {isa = PBXFileReference; lastKnownFileType = sourcecode.swift; path = CustomImageView.swift; sourceTree = "<group>"; };
		0081BDDB21A3492B00DCB0E6 /* recomondo.app */ = {isa = PBXFileReference; explicitFileType = wrapper.application; includeInIndex = 0; path = recomondo.app; sourceTree = BUILT_PRODUCTS_DIR; };
		0081BDDE21A3492B00DCB0E6 /* AppDelegate.swift */ = {isa = PBXFileReference; lastKnownFileType = sourcecode.swift; path = AppDelegate.swift; sourceTree = "<group>"; };
		0081BDE021A3492B00DCB0E6 /* SignUpController.swift */ = {isa = PBXFileReference; lastKnownFileType = sourcecode.swift; path = SignUpController.swift; sourceTree = "<group>"; };
		0081BDE321A3492B00DCB0E6 /* Base */ = {isa = PBXFileReference; lastKnownFileType = file.storyboard; name = Base; path = Base.lproj/Main.storyboard; sourceTree = "<group>"; };
		0081BDE521A3492D00DCB0E6 /* Assets.xcassets */ = {isa = PBXFileReference; lastKnownFileType = folder.assetcatalog; path = Assets.xcassets; sourceTree = "<group>"; };
		0081BDE821A3492D00DCB0E6 /* Base */ = {isa = PBXFileReference; lastKnownFileType = file.storyboard; name = Base; path = Base.lproj/LaunchScreen.storyboard; sourceTree = "<group>"; };
		0081BDEA21A3492D00DCB0E6 /* Info.plist */ = {isa = PBXFileReference; lastKnownFileType = text.plist.xml; path = Info.plist; sourceTree = "<group>"; };
		0081BDF121A35A8800DCB0E6 /* Extensions.swift */ = {isa = PBXFileReference; lastKnownFileType = sourcecode.swift; path = Extensions.swift; sourceTree = "<group>"; };
		1EA8F0862A4D388E9554AD62 /* Pods-recomondo.debug.xcconfig */ = {isa = PBXFileReference; includeInIndex = 1; lastKnownFileType = text.xcconfig; name = "Pods-recomondo.debug.xcconfig"; path = "Pods/Target Support Files/Pods-recomondo/Pods-recomondo.debug.xcconfig"; sourceTree = "<group>"; };
		99DE2BEE803C9C7D3B6BB2E6 /* Pods-recomondo.release.xcconfig */ = {isa = PBXFileReference; includeInIndex = 1; lastKnownFileType = text.xcconfig; name = "Pods-recomondo.release.xcconfig"; path = "Pods/Target Support Files/Pods-recomondo/Pods-recomondo.release.xcconfig"; sourceTree = "<group>"; };
		A6DA023471CFF8F7C7CF2C1E /* Pods_recomondo.framework */ = {isa = PBXFileReference; explicitFileType = wrapper.framework; includeInIndex = 0; path = Pods_recomondo.framework; sourceTree = BUILT_PRODUCTS_DIR; };
/* End PBXFileReference section */

/* Begin PBXFrameworksBuildPhase section */
		0081BDD821A3492B00DCB0E6 /* Frameworks */ = {
			isa = PBXFrameworksBuildPhase;
			buildActionMask = 2147483647;
			files = (
				BD32D38B9883C5148F3EAF8F /* Pods_recomondo.framework in Frameworks */,
			);
			runOnlyForDeploymentPostprocessing = 0;
		};
/* End PBXFrameworksBuildPhase section */

/* Begin PBXGroup section */
		001196DA21A38E21008FFED6 /* UserProfile */ = {
			isa = PBXGroup;
			children = (
				001196D821A382D1008FFED6 /* UserProfileController.swift */,
				001196DB21A38E38008FFED6 /* UserProfileHeader.swift */,
				0044F0DB21A6800500F5FB6A /* UserProfilePhotoCell.swift */,
			);
			path = UserProfile;
			sourceTree = "<group>";
		};
		001196DD21A3FFCF008FFED6 /* Login */ = {
			isa = PBXGroup;
			children = (
				001196DE21A3FFF8008FFED6 /* LoginController.swift */,
				0081BDE021A3492B00DCB0E6 /* SignUpController.swift */,
			);
			path = Login;
			sourceTree = "<group>";
		};
		001196E021A41D5A008FFED6 /* AddPost */ = {
			isa = PBXGroup;
			children = (
				001196E121A41D74008FFED6 /* PhotoSelectorController.swift */,
				00255DF521A5713900014EF3 /* PhotoSelectorCell.swift */,
				00255DF721A57A6D00014EF3 /* PhotoSelectorHeader.swift */,
				00255DF921A5AE9A00014EF3 /* SharePhotoController.swift */,
			);
			path = AddPost;
			sourceTree = "<group>";
		};
		0044F0D821A67D6200F5FB6A /* Models */ = {
			isa = PBXGroup;
			children = (
				0044F0D921A67D7500F5FB6A /* Post.swift */,
			);
			path = Models;
			sourceTree = "<group>";
		};
		0081BDD221A3492B00DCB0E6 = {
			isa = PBXGroup;
			children = (
				0081BDDD21A3492B00DCB0E6 /* recomondo */,
				0081BDDC21A3492B00DCB0E6 /* Products */,
				63C29E2ED4B69CF26CEA409F /* Pods */,
				D86A0CD3AEAE7E9F74F9D78F /* Frameworks */,
			);
			sourceTree = "<group>";
		};
		0081BDDC21A3492B00DCB0E6 /* Products */ = {
			isa = PBXGroup;
			children = (
				0081BDDB21A3492B00DCB0E6 /* recomondo.app */,
			);
			name = Products;
			sourceTree = "<group>";
		};
		0081BDDD21A3492B00DCB0E6 /* recomondo */ = {
			isa = PBXGroup;
			children = (
				0044F0D821A67D6200F5FB6A /* Models */,
				001196E021A41D5A008FFED6 /* AddPost */,
				001196DD21A3FFCF008FFED6 /* Login */,
				001196DA21A38E21008FFED6 /* UserProfile */,
				0081BDF021A35A7200DCB0E6 /* Utils */,
				0081BDDE21A3492B00DCB0E6 /* AppDelegate.swift */,
				001196D621A381DF008FFED6 /* MainTabBarController.swift */,
				0081BDE221A3492B00DCB0E6 /* Main.storyboard */,
				0081BDE521A3492D00DCB0E6 /* Assets.xcassets */,
				0081BDE721A3492D00DCB0E6 /* LaunchScreen.storyboard */,
				001196D421A36A29008FFED6 /* GoogleService-Info.plist */,
				0081BDEA21A3492D00DCB0E6 /* Info.plist */,
			);
			path = recomondo;
			sourceTree = "<group>";
		};
		0081BDF021A35A7200DCB0E6 /* Utils */ = {
			isa = PBXGroup;
			children = (
				0081BDF121A35A8800DCB0E6 /* Extensions.swift */,
				0044F0DD21A6883D00F5FB6A /* CustomImageView.swift */,
			);
			path = Utils;
			sourceTree = "<group>";
		};
		63C29E2ED4B69CF26CEA409F /* Pods */ = {
			isa = PBXGroup;
			children = (
				1EA8F0862A4D388E9554AD62 /* Pods-recomondo.debug.xcconfig */,
				99DE2BEE803C9C7D3B6BB2E6 /* Pods-recomondo.release.xcconfig */,
			);
			name = Pods;
			sourceTree = "<group>";
		};
		D86A0CD3AEAE7E9F74F9D78F /* Frameworks */ = {
			isa = PBXGroup;
			children = (
				A6DA023471CFF8F7C7CF2C1E /* Pods_recomondo.framework */,
			);
			name = Frameworks;
			sourceTree = "<group>";
		};
/* End PBXGroup section */

/* Begin PBXNativeTarget section */
		0081BDDA21A3492B00DCB0E6 /* recomondo */ = {
			isa = PBXNativeTarget;
			buildConfigurationList = 0081BDED21A3492D00DCB0E6 /* Build configuration list for PBXNativeTarget "recomondo" */;
			buildPhases = (
				EF7F2AEE7B533DB3FFF35D2C /* [CP] Check Pods Manifest.lock */,
				0081BDD721A3492B00DCB0E6 /* Sources */,
				0081BDD821A3492B00DCB0E6 /* Frameworks */,
				0081BDD921A3492B00DCB0E6 /* Resources */,
				14AEE1E937EA843713C3C13C /* [CP] Embed Pods Frameworks */,
			);
			buildRules = (
			);
			dependencies = (
			);
			name = recomondo;
			productName = recomondo;
			productReference = 0081BDDB21A3492B00DCB0E6 /* recomondo.app */;
			productType = "com.apple.product-type.application";
		};
/* End PBXNativeTarget section */

/* Begin PBXProject section */
		0081BDD321A3492B00DCB0E6 /* Project object */ = {
			isa = PBXProject;
			attributes = {
				LastSwiftUpdateCheck = 1010;
				LastUpgradeCheck = 1010;
				ORGANIZATIONNAME = "The Polestone Consulting Team";
				TargetAttributes = {
					0081BDDA21A3492B00DCB0E6 = {
						CreatedOnToolsVersion = 10.1;
					};
				};
			};
			buildConfigurationList = 0081BDD621A3492B00DCB0E6 /* Build configuration list for PBXProject "recomondo" */;
			compatibilityVersion = "Xcode 9.3";
			developmentRegion = en;
			hasScannedForEncodings = 0;
			knownRegions = (
				en,
				Base,
			);
			mainGroup = 0081BDD221A3492B00DCB0E6;
			productRefGroup = 0081BDDC21A3492B00DCB0E6 /* Products */;
			projectDirPath = "";
			projectRoot = "";
			targets = (
				0081BDDA21A3492B00DCB0E6 /* recomondo */,
			);
		};
/* End PBXProject section */

/* Begin PBXResourcesBuildPhase section */
		0081BDD921A3492B00DCB0E6 /* Resources */ = {
			isa = PBXResourcesBuildPhase;
			buildActionMask = 2147483647;
			files = (
				0081BDE921A3492D00DCB0E6 /* LaunchScreen.storyboard in Resources */,
				0081BDE621A3492D00DCB0E6 /* Assets.xcassets in Resources */,
				0081BDE421A3492B00DCB0E6 /* Main.storyboard in Resources */,
				001196D521A36A29008FFED6 /* GoogleService-Info.plist in Resources */,
			);
			runOnlyForDeploymentPostprocessing = 0;
		};
/* End PBXResourcesBuildPhase section */

/* Begin PBXShellScriptBuildPhase section */
		14AEE1E937EA843713C3C13C /* [CP] Embed Pods Frameworks */ = {
			isa = PBXShellScriptBuildPhase;
			buildActionMask = 2147483647;
			files = (
			);
			inputFileListPaths = (
			);
			inputPaths = (
				"${SRCROOT}/Pods/Target Support Files/Pods-recomondo/Pods-recomondo-frameworks.sh",
				"${BUILT_PRODUCTS_DIR}/GTMSessionFetcher/GTMSessionFetcher.framework",
				"${BUILT_PRODUCTS_DIR}/GoogleUtilities/GoogleUtilities.framework",
				"${BUILT_PRODUCTS_DIR}/leveldb-library/leveldb.framework",
				"${BUILT_PRODUCTS_DIR}/nanopb/nanopb.framework",
			);
			name = "[CP] Embed Pods Frameworks";
			outputFileListPaths = (
			);
			outputPaths = (
				"${TARGET_BUILD_DIR}/${FRAMEWORKS_FOLDER_PATH}/GTMSessionFetcher.framework",
				"${TARGET_BUILD_DIR}/${FRAMEWORKS_FOLDER_PATH}/GoogleUtilities.framework",
				"${TARGET_BUILD_DIR}/${FRAMEWORKS_FOLDER_PATH}/leveldb.framework",
				"${TARGET_BUILD_DIR}/${FRAMEWORKS_FOLDER_PATH}/nanopb.framework",
			);
			runOnlyForDeploymentPostprocessing = 0;
			shellPath = /bin/sh;
			shellScript = "\"${SRCROOT}/Pods/Target Support Files/Pods-recomondo/Pods-recomondo-frameworks.sh\"\n";
			showEnvVarsInLog = 0;
		};
		EF7F2AEE7B533DB3FFF35D2C /* [CP] Check Pods Manifest.lock */ = {
			isa = PBXShellScriptBuildPhase;
			buildActionMask = 2147483647;
			files = (
			);
			inputFileListPaths = (
			);
			inputPaths = (
				"${PODS_PODFILE_DIR_PATH}/Podfile.lock",
				"${PODS_ROOT}/Manifest.lock",
			);
			name = "[CP] Check Pods Manifest.lock";
			outputFileListPaths = (
			);
			outputPaths = (
				"$(DERIVED_FILE_DIR)/Pods-recomondo-checkManifestLockResult.txt",
			);
			runOnlyForDeploymentPostprocessing = 0;
			shellPath = /bin/sh;
			shellScript = "diff \"${PODS_PODFILE_DIR_PATH}/Podfile.lock\" \"${PODS_ROOT}/Manifest.lock\" > /dev/null\nif [ $? != 0 ] ; then\n    # print error to STDERR\n    echo \"error: The sandbox is not in sync with the Podfile.lock. Run 'pod install' or update your CocoaPods installation.\" >&2\n    exit 1\nfi\n# This output is used by Xcode 'outputs' to avoid re-running this script phase.\necho \"SUCCESS\" > \"${SCRIPT_OUTPUT_FILE_0}\"\n";
			showEnvVarsInLog = 0;
		};
/* End PBXShellScriptBuildPhase section */

/* Begin PBXSourcesBuildPhase section */
		0081BDD721A3492B00DCB0E6 /* Sources */ = {
			isa = PBXSourcesBuildPhase;
			buildActionMask = 2147483647;
			files = (
				00255DFA21A5AE9A00014EF3 /* SharePhotoController.swift in Sources */,
				0081BDE121A3492B00DCB0E6 /* SignUpController.swift in Sources */,
				00255DF621A5713900014EF3 /* PhotoSelectorCell.swift in Sources */,
				0044F0DE21A6883E00F5FB6A /* CustomImageView.swift in Sources */,
				0044F0DA21A67D7500F5FB6A /* Post.swift in Sources */,
				0081BDF221A35A8800DCB0E6 /* Extensions.swift in Sources */,
				001196D721A381DF008FFED6 /* MainTabBarController.swift in Sources */,
				001196DC21A38E38008FFED6 /* UserProfileHeader.swift in Sources */,
				0044F0DC21A6800600F5FB6A /* UserProfilePhotoCell.swift in Sources */,
				001196D921A382D1008FFED6 /* UserProfileController.swift in Sources */,
				0081BDDF21A3492B00DCB0E6 /* AppDelegate.swift in Sources */,
				001196DF21A3FFF8008FFED6 /* LoginController.swift in Sources */,
				00255DF821A57A6D00014EF3 /* PhotoSelectorHeader.swift in Sources */,
				001196E221A41D74008FFED6 /* PhotoSelectorController.swift in Sources */,
			);
			runOnlyForDeploymentPostprocessing = 0;
		};
/* End PBXSourcesBuildPhase section */

/* Begin PBXVariantGroup section */
		0081BDE221A3492B00DCB0E6 /* Main.storyboard */ = {
			isa = PBXVariantGroup;
			children = (
				0081BDE321A3492B00DCB0E6 /* Base */,
			);
			name = Main.storyboard;
			sourceTree = "<group>";
		};
		0081BDE721A3492D00DCB0E6 /* LaunchScreen.storyboard */ = {
			isa = PBXVariantGroup;
			children = (
				0081BDE821A3492D00DCB0E6 /* Base */,
			);
			name = LaunchScreen.storyboard;
			sourceTree = "<group>";
		};
/* End PBXVariantGroup section */

/* Begin XCBuildConfiguration section */
		0081BDEB21A3492D00DCB0E6 /* Debug */ = {
			isa = XCBuildConfiguration;
			buildSettings = {
				ALWAYS_SEARCH_USER_PATHS = NO;
				CLANG_ANALYZER_NONNULL = YES;
				CLANG_ANALYZER_NUMBER_OBJECT_CONVERSION = YES_AGGRESSIVE;
				CLANG_CXX_LANGUAGE_STANDARD = "gnu++14";
				CLANG_CXX_LIBRARY = "libc++";
				CLANG_ENABLE_MODULES = YES;
				CLANG_ENABLE_OBJC_ARC = YES;
				CLANG_ENABLE_OBJC_WEAK = YES;
				CLANG_WARN_BLOCK_CAPTURE_AUTORELEASING = YES;
				CLANG_WARN_BOOL_CONVERSION = YES;
				CLANG_WARN_COMMA = YES;
				CLANG_WARN_CONSTANT_CONVERSION = YES;
				CLANG_WARN_DEPRECATED_OBJC_IMPLEMENTATIONS = YES;
				CLANG_WARN_DIRECT_OBJC_ISA_USAGE = YES_ERROR;
				CLANG_WARN_DOCUMENTATION_COMMENTS = YES;
				CLANG_WARN_EMPTY_BODY = YES;
				CLANG_WARN_ENUM_CONVERSION = YES;
				CLANG_WARN_INFINITE_RECURSION = YES;
				CLANG_WARN_INT_CONVERSION = YES;
				CLANG_WARN_NON_LITERAL_NULL_CONVERSION = YES;
				CLANG_WARN_OBJC_IMPLICIT_RETAIN_SELF = YES;
				CLANG_WARN_OBJC_LITERAL_CONVERSION = YES;
				CLANG_WARN_OBJC_ROOT_CLASS = YES_ERROR;
				CLANG_WARN_RANGE_LOOP_ANALYSIS = YES;
				CLANG_WARN_STRICT_PROTOTYPES = YES;
				CLANG_WARN_SUSPICIOUS_MOVE = YES;
				CLANG_WARN_UNGUARDED_AVAILABILITY = YES_AGGRESSIVE;
				CLANG_WARN_UNREACHABLE_CODE = YES;
				CLANG_WARN__DUPLICATE_METHOD_MATCH = YES;
				CODE_SIGN_IDENTITY = "iPhone Developer";
				COPY_PHASE_STRIP = NO;
				DEBUG_INFORMATION_FORMAT = dwarf;
				ENABLE_STRICT_OBJC_MSGSEND = YES;
				ENABLE_TESTABILITY = YES;
				GCC_C_LANGUAGE_STANDARD = gnu11;
				GCC_DYNAMIC_NO_PIC = NO;
				GCC_NO_COMMON_BLOCKS = YES;
				GCC_OPTIMIZATION_LEVEL = 0;
				GCC_PREPROCESSOR_DEFINITIONS = (
					"DEBUG=1",
					"$(inherited)",
				);
				GCC_WARN_64_TO_32_BIT_CONVERSION = YES;
				GCC_WARN_ABOUT_RETURN_TYPE = YES_ERROR;
				GCC_WARN_UNDECLARED_SELECTOR = YES;
				GCC_WARN_UNINITIALIZED_AUTOS = YES_AGGRESSIVE;
				GCC_WARN_UNUSED_FUNCTION = YES;
				GCC_WARN_UNUSED_VARIABLE = YES;
				IPHONEOS_DEPLOYMENT_TARGET = 12.1;
				MTL_ENABLE_DEBUG_INFO = INCLUDE_SOURCE;
				MTL_FAST_MATH = YES;
				ONLY_ACTIVE_ARCH = YES;
				SDKROOT = iphoneos;
				SWIFT_ACTIVE_COMPILATION_CONDITIONS = DEBUG;
				SWIFT_OPTIMIZATION_LEVEL = "-Onone";
			};
			name = Debug;
		};
		0081BDEC21A3492D00DCB0E6 /* Release */ = {
			isa = XCBuildConfiguration;
			buildSettings = {
				ALWAYS_SEARCH_USER_PATHS = NO;
				CLANG_ANALYZER_NONNULL = YES;
				CLANG_ANALYZER_NUMBER_OBJECT_CONVERSION = YES_AGGRESSIVE;
				CLANG_CXX_LANGUAGE_STANDARD = "gnu++14";
				CLANG_CXX_LIBRARY = "libc++";
				CLANG_ENABLE_MODULES = YES;
				CLANG_ENABLE_OBJC_ARC = YES;
				CLANG_ENABLE_OBJC_WEAK = YES;
				CLANG_WARN_BLOCK_CAPTURE_AUTORELEASING = YES;
				CLANG_WARN_BOOL_CONVERSION = YES;
				CLANG_WARN_COMMA = YES;
				CLANG_WARN_CONSTANT_CONVERSION = YES;
				CLANG_WARN_DEPRECATED_OBJC_IMPLEMENTATIONS = YES;
				CLANG_WARN_DIRECT_OBJC_ISA_USAGE = YES_ERROR;
				CLANG_WARN_DOCUMENTATION_COMMENTS = YES;
				CLANG_WARN_EMPTY_BODY = YES;
				CLANG_WARN_ENUM_CONVERSION = YES;
				CLANG_WARN_INFINITE_RECURSION = YES;
				CLANG_WARN_INT_CONVERSION = YES;
				CLANG_WARN_NON_LITERAL_NULL_CONVERSION = YES;
				CLANG_WARN_OBJC_IMPLICIT_RETAIN_SELF = YES;
				CLANG_WARN_OBJC_LITERAL_CONVERSION = YES;
				CLANG_WARN_OBJC_ROOT_CLASS = YES_ERROR;
				CLANG_WARN_RANGE_LOOP_ANALYSIS = YES;
				CLANG_WARN_STRICT_PROTOTYPES = YES;
				CLANG_WARN_SUSPICIOUS_MOVE = YES;
				CLANG_WARN_UNGUARDED_AVAILABILITY = YES_AGGRESSIVE;
				CLANG_WARN_UNREACHABLE_CODE = YES;
				CLANG_WARN__DUPLICATE_METHOD_MATCH = YES;
				CODE_SIGN_IDENTITY = "iPhone Developer";
				COPY_PHASE_STRIP = NO;
				DEBUG_INFORMATION_FORMAT = "dwarf-with-dsym";
				ENABLE_NS_ASSERTIONS = NO;
				ENABLE_STRICT_OBJC_MSGSEND = YES;
				GCC_C_LANGUAGE_STANDARD = gnu11;
				GCC_NO_COMMON_BLOCKS = YES;
				GCC_WARN_64_TO_32_BIT_CONVERSION = YES;
				GCC_WARN_ABOUT_RETURN_TYPE = YES_ERROR;
				GCC_WARN_UNDECLARED_SELECTOR = YES;
				GCC_WARN_UNINITIALIZED_AUTOS = YES_AGGRESSIVE;
				GCC_WARN_UNUSED_FUNCTION = YES;
				GCC_WARN_UNUSED_VARIABLE = YES;
				IPHONEOS_DEPLOYMENT_TARGET = 12.1;
				MTL_ENABLE_DEBUG_INFO = NO;
				MTL_FAST_MATH = YES;
				SDKROOT = iphoneos;
				SWIFT_COMPILATION_MODE = wholemodule;
				SWIFT_OPTIMIZATION_LEVEL = "-O";
				VALIDATE_PRODUCT = YES;
			};
			name = Release;
		};
		0081BDEE21A3492D00DCB0E6 /* Debug */ = {
			isa = XCBuildConfiguration;
			baseConfigurationReference = 1EA8F0862A4D388E9554AD62 /* Pods-recomondo.debug.xcconfig */;
			buildSettings = {
				ASSETCATALOG_COMPILER_APPICON_NAME = AppIcon;
				CODE_SIGN_STYLE = Automatic;
				DEVELOPMENT_TEAM = 4AT6T29999;
				INFOPLIST_FILE = recomondo/Info.plist;
				IPHONEOS_DEPLOYMENT_TARGET = 12.1;
				LD_RUNPATH_SEARCH_PATHS = (
					"$(inherited)",
					"@executable_path/Frameworks",
				);
				PRODUCT_BUNDLE_IDENTIFIER = com.polestone.recomondo;
				PRODUCT_NAME = "$(TARGET_NAME)";
				SWIFT_VERSION = 4.2;
				TARGETED_DEVICE_FAMILY = "1,2";
			};
			name = Debug;
		};
		0081BDEF21A3492D00DCB0E6 /* Release */ = {
			isa = XCBuildConfiguration;
			baseConfigurationReference = 99DE2BEE803C9C7D3B6BB2E6 /* Pods-recomondo.release.xcconfig */;
			buildSettings = {
				ASSETCATALOG_COMPILER_APPICON_NAME = AppIcon;
				CODE_SIGN_STYLE = Automatic;
				DEVELOPMENT_TEAM = 4AT6T29999;
				INFOPLIST_FILE = recomondo/Info.plist;
				IPHONEOS_DEPLOYMENT_TARGET = 12.1;
				LD_RUNPATH_SEARCH_PATHS = (
					"$(inherited)",
					"@executable_path/Frameworks",
				);
				PRODUCT_BUNDLE_IDENTIFIER = com.polestone.recomondo;
				PRODUCT_NAME = "$(TARGET_NAME)";
				SWIFT_VERSION = 4.2;
				TARGETED_DEVICE_FAMILY = "1,2";
			};
			name = Release;
		};
/* End XCBuildConfiguration section */

/* Begin XCConfigurationList section */
		0081BDD621A3492B00DCB0E6 /* Build configuration list for PBXProject "recomondo" */ = {
			isa = XCConfigurationList;
			buildConfigurations = (
				0081BDEB21A3492D00DCB0E6 /* Debug */,
				0081BDEC21A3492D00DCB0E6 /* Release */,
			);
			defaultConfigurationIsVisible = 0;
			defaultConfigurationName = Release;
		};
		0081BDED21A3492D00DCB0E6 /* Build configuration list for PBXNativeTarget "recomondo" */ = {
			isa = XCConfigurationList;
			buildConfigurations = (
				0081BDEE21A3492D00DCB0E6 /* Debug */,
				0081BDEF21A3492D00DCB0E6 /* Release */,
			);
			defaultConfigurationIsVisible = 0;
			defaultConfigurationName = Release;
		};
/* End XCConfigurationList section */
	};
	rootObject = 0081BDD321A3492B00DCB0E6 /* Project object */;
}
